// !$*UTF8*$!
{
	archiveVersion = 1;
	classes = {
	};
	objectVersion = 46;
	objects = {

/* Begin PBXBuildFile section */
		8F0FDAAF1ED74056008A2B18 /* Post.swift in Sources */ = {isa = PBXBuildFile; fileRef = 8F0FDAAE1ED74056008A2B18 /* Post.swift */; };
		8F166F4C1EE6B7D20081401E /* SideMenuViewController.swift in Sources */ = {isa = PBXBuildFile; fileRef = 8F166F4B1EE6B7D20081401E /* SideMenuViewController.swift */; };
		8F166F4E1EE6BB0F0081401E /* SideMenuTableViewCell.swift in Sources */ = {isa = PBXBuildFile; fileRef = 8F166F4D1EE6BB0F0081401E /* SideMenuTableViewCell.swift */; };
		8F166F501EE6C73D0081401E /* ProfilePictureViewController.swift in Sources */ = {isa = PBXBuildFile; fileRef = 8F166F4F1EE6C73D0081401E /* ProfilePictureViewController.swift */; };
		8F6ABEB61ECE781F001C92B9 /* DataServices.swift in Sources */ = {isa = PBXBuildFile; fileRef = 8F6ABEB51ECE781F001C92B9 /* DataServices.swift */; };
		8F7475DD1ECA1B49003152D2 /* FireBaseLogin.swift in Sources */ = {isa = PBXBuildFile; fileRef = 8F7475DC1ECA1B49003152D2 /* FireBaseLogin.swift */; };
		8FEEF71D1EB6E2EC00321208 /* AppDelegate.swift in Sources */ = {isa = PBXBuildFile; fileRef = 8FEEF71C1EB6E2EC00321208 /* AppDelegate.swift */; };
		8FEEF71F1EB6E2EC00321208 /* SignInVC.swift in Sources */ = {isa = PBXBuildFile; fileRef = 8FEEF71E1EB6E2EC00321208 /* SignInVC.swift */; };
		8FEEF7221EB6E2EC00321208 /* Main.storyboard in Resources */ = {isa = PBXBuildFile; fileRef = 8FEEF7201EB6E2EC00321208 /* Main.storyboard */; };
		8FEEF7241EB6E2EC00321208 /* Assets.xcassets in Resources */ = {isa = PBXBuildFile; fileRef = 8FEEF7231EB6E2EC00321208 /* Assets.xcassets */; };
		8FEEF7271EB6E2EC00321208 /* LaunchScreen.storyboard in Resources */ = {isa = PBXBuildFile; fileRef = 8FEEF7251EB6E2EC00321208 /* LaunchScreen.storyboard */; };
		8FEEF7321EB6E2EC00321208 /* SchoolProjectTests.swift in Sources */ = {isa = PBXBuildFile; fileRef = 8FEEF7311EB6E2EC00321208 /* SchoolProjectTests.swift */; };
		8FEEF73D1EB6E2EC00321208 /* SchoolProjectUITests.swift in Sources */ = {isa = PBXBuildFile; fileRef = 8FEEF73C1EB6E2EC00321208 /* SchoolProjectUITests.swift */; };
		8FEEF74B1EB6E70A00321208 /* GoogleService-Info.plist in Resources */ = {isa = PBXBuildFile; fileRef = 8FEEF74A1EB6E70A00321208 /* GoogleService-Info.plist */; };
		8FEEF7501EB8C35C00321208 /* ShadowView.swift in Sources */ = {isa = PBXBuildFile; fileRef = 8FEEF74F1EB8C35C00321208 /* ShadowView.swift */; };
		8FEEF7551EB8C4A400321208 /* Constatnts.swift in Sources */ = {isa = PBXBuildFile; fileRef = 8FEEF7541EB8C4A400321208 /* Constatnts.swift */; };
		8FEEF7591EB8C77900321208 /* RoundButton.swift in Sources */ = {isa = PBXBuildFile; fileRef = 8FEEF7581EB8C77900321208 /* RoundButton.swift */; };
		8FEEF75B1EB8C91600321208 /* CustomTextField.swift in Sources */ = {isa = PBXBuildFile; fileRef = 8FEEF75A1EB8C91600321208 /* CustomTextField.swift */; };
		8FEEF75D1EB8CA9C00321208 /* CustomButton.swift in Sources */ = {isa = PBXBuildFile; fileRef = 8FEEF75C1EB8CA9C00321208 /* CustomButton.swift */; };
		8FEEF7621EBC243C00321208 /* AppState.swift in Sources */ = {isa = PBXBuildFile; fileRef = 8FEEF7611EBC243C00321208 /* AppState.swift */; };
		8FEEF7641EBC287100321208 /* CreateAccountViewController.swift in Sources */ = {isa = PBXBuildFile; fileRef = 8FEEF7631EBC287100321208 /* CreateAccountViewController.swift */; };
		8FEEF7661EBC3C4C00321208 /* ResetPasswordViewController.swift in Sources */ = {isa = PBXBuildFile; fileRef = 8FEEF7651EBC3C4C00321208 /* ResetPasswordViewController.swift */; };
		8FEEF7681EBD294E00321208 /* UploadPhotoViewController.swift in Sources */ = {isa = PBXBuildFile; fileRef = 8FEEF7671EBD294E00321208 /* UploadPhotoViewController.swift */; };
		8FEEF76A1EBD2A9C00321208 /* PhotoTableViewCell.swift in Sources */ = {isa = PBXBuildFile; fileRef = 8FEEF7691EBD2A9C00321208 /* PhotoTableViewCell.swift */; };
		8FEEF76C1EBD2D0E00321208 /* UploadPhotoView.swift in Sources */ = {isa = PBXBuildFile; fileRef = 8FEEF76B1EBD2D0E00321208 /* UploadPhotoView.swift */; };
		B045AE4CAE71A2384514223D /* Pods_SchoolProjectUITests.framework in Frameworks */ = {isa = PBXBuildFile; fileRef = 0A770B21620DD63CD3E077FE /* Pods_SchoolProjectUITests.framework */; };
		D3D1004C3ADD1C3FD7098740 /* Pods_SchoolProjectTests.framework in Frameworks */ = {isa = PBXBuildFile; fileRef = 2F0BA94F0754B4E5A8033D8D /* Pods_SchoolProjectTests.framework */; };
		DD14DB71C7E2EFD37D84A090 /* Pods_SchoolProject.framework in Frameworks */ = {isa = PBXBuildFile; fileRef = A593006B3612613BFF765524 /* Pods_SchoolProject.framework */; };
/* End PBXBuildFile section */

/* Begin PBXContainerItemProxy section */
		8FEEF72E1EB6E2EC00321208 /* PBXContainerItemProxy */ = {
			isa = PBXContainerItemProxy;
			containerPortal = 8FEEF7111EB6E2EC00321208 /* Project object */;
			proxyType = 1;
			remoteGlobalIDString = 8FEEF7181EB6E2EC00321208;
			remoteInfo = SchoolProject;
		};
		8FEEF7391EB6E2EC00321208 /* PBXContainerItemProxy */ = {
			isa = PBXContainerItemProxy;
			containerPortal = 8FEEF7111EB6E2EC00321208 /* Project object */;
			proxyType = 1;
			remoteGlobalIDString = 8FEEF7181EB6E2EC00321208;
			remoteInfo = SchoolProject;
		};
/* End PBXContainerItemProxy section */

/* Begin PBXFileReference section */
		0A770B21620DD63CD3E077FE /* Pods_SchoolProjectUITests.framework */ = {isa = PBXFileReference; explicitFileType = wrapper.framework; includeInIndex = 0; path = Pods_SchoolProjectUITests.framework; sourceTree = BUILT_PRODUCTS_DIR; };
		2F0BA94F0754B4E5A8033D8D /* Pods_SchoolProjectTests.framework */ = {isa = PBXFileReference; explicitFileType = wrapper.framework; includeInIndex = 0; path = Pods_SchoolProjectTests.framework; sourceTree = BUILT_PRODUCTS_DIR; };
		54D50052F40F1BE891EDA107 /* Pods-SchoolProjectUITests.debug.xcconfig */ = {isa = PBXFileReference; includeInIndex = 1; lastKnownFileType = text.xcconfig; name = "Pods-SchoolProjectUITests.debug.xcconfig"; path = "Pods/Target Support Files/Pods-SchoolProjectUITests/Pods-SchoolProjectUITests.debug.xcconfig"; sourceTree = "<group>"; };
		8F0FDAAE1ED74056008A2B18 /* Post.swift */ = {isa = PBXFileReference; fileEncoding = 4; lastKnownFileType = sourcecode.swift; path = Post.swift; sourceTree = "<group>"; };
		8F166F4B1EE6B7D20081401E /* SideMenuViewController.swift */ = {isa = PBXFileReference; fileEncoding = 4; lastKnownFileType = sourcecode.swift; path = SideMenuViewController.swift; sourceTree = "<group>"; };
		8F166F4D1EE6BB0F0081401E /* SideMenuTableViewCell.swift */ = {isa = PBXFileReference; fileEncoding = 4; lastKnownFileType = sourcecode.swift; path = SideMenuTableViewCell.swift; sourceTree = "<group>"; };
		8F166F4F1EE6C73D0081401E /* ProfilePictureViewController.swift */ = {isa = PBXFileReference; fileEncoding = 4; lastKnownFileType = sourcecode.swift; path = ProfilePictureViewController.swift; sourceTree = "<group>"; };
		8F6ABEB51ECE781F001C92B9 /* DataServices.swift */ = {isa = PBXFileReference; fileEncoding = 4; lastKnownFileType = sourcecode.swift; path = DataServices.swift; sourceTree = "<group>"; };
		8F7475DC1ECA1B49003152D2 /* FireBaseLogin.swift */ = {isa = PBXFileReference; fileEncoding = 4; lastKnownFileType = sourcecode.swift; path = FireBaseLogin.swift; sourceTree = "<group>"; };
		8FEEF7191EB6E2EC00321208 /* SchoolProject.app */ = {isa = PBXFileReference; explicitFileType = wrapper.application; includeInIndex = 0; path = SchoolProject.app; sourceTree = BUILT_PRODUCTS_DIR; };
		8FEEF71C1EB6E2EC00321208 /* AppDelegate.swift */ = {isa = PBXFileReference; lastKnownFileType = sourcecode.swift; path = AppDelegate.swift; sourceTree = "<group>"; };
		8FEEF71E1EB6E2EC00321208 /* SignInVC.swift */ = {isa = PBXFileReference; lastKnownFileType = sourcecode.swift; path = SignInVC.swift; sourceTree = "<group>"; };
		8FEEF7211EB6E2EC00321208 /* Base */ = {isa = PBXFileReference; lastKnownFileType = file.storyboard; name = Base; path = Base.lproj/Main.storyboard; sourceTree = "<group>"; };
		8FEEF7231EB6E2EC00321208 /* Assets.xcassets */ = {isa = PBXFileReference; lastKnownFileType = folder.assetcatalog; path = Assets.xcassets; sourceTree = "<group>"; };
		8FEEF7261EB6E2EC00321208 /* Base */ = {isa = PBXFileReference; lastKnownFileType = file.storyboard; name = Base; path = Base.lproj/LaunchScreen.storyboard; sourceTree = "<group>"; };
		8FEEF7281EB6E2EC00321208 /* Info.plist */ = {isa = PBXFileReference; lastKnownFileType = text.plist.xml; path = Info.plist; sourceTree = "<group>"; };
		8FEEF72D1EB6E2EC00321208 /* SchoolProjectTests.xctest */ = {isa = PBXFileReference; explicitFileType = wrapper.cfbundle; includeInIndex = 0; path = SchoolProjectTests.xctest; sourceTree = BUILT_PRODUCTS_DIR; };
		8FEEF7311EB6E2EC00321208 /* SchoolProjectTests.swift */ = {isa = PBXFileReference; lastKnownFileType = sourcecode.swift; path = SchoolProjectTests.swift; sourceTree = "<group>"; };
		8FEEF7331EB6E2EC00321208 /* Info.plist */ = {isa = PBXFileReference; lastKnownFileType = text.plist.xml; path = Info.plist; sourceTree = "<group>"; };
		8FEEF7381EB6E2EC00321208 /* SchoolProjectUITests.xctest */ = {isa = PBXFileReference; explicitFileType = wrapper.cfbundle; includeInIndex = 0; path = SchoolProjectUITests.xctest; sourceTree = BUILT_PRODUCTS_DIR; };
		8FEEF73C1EB6E2EC00321208 /* SchoolProjectUITests.swift */ = {isa = PBXFileReference; lastKnownFileType = sourcecode.swift; path = SchoolProjectUITests.swift; sourceTree = "<group>"; };
		8FEEF73E1EB6E2EC00321208 /* Info.plist */ = {isa = PBXFileReference; lastKnownFileType = text.plist.xml; path = Info.plist; sourceTree = "<group>"; };
		8FEEF74A1EB6E70A00321208 /* GoogleService-Info.plist */ = {isa = PBXFileReference; fileEncoding = 4; lastKnownFileType = text.plist.xml; path = "GoogleService-Info.plist"; sourceTree = "<group>"; };
		8FEEF74F1EB8C35C00321208 /* ShadowView.swift */ = {isa = PBXFileReference; fileEncoding = 4; lastKnownFileType = sourcecode.swift; path = ShadowView.swift; sourceTree = "<group>"; };
		8FEEF7541EB8C4A400321208 /* Constatnts.swift */ = {isa = PBXFileReference; fileEncoding = 4; lastKnownFileType = sourcecode.swift; path = Constatnts.swift; sourceTree = "<group>"; };
		8FEEF7581EB8C77900321208 /* RoundButton.swift */ = {isa = PBXFileReference; fileEncoding = 4; lastKnownFileType = sourcecode.swift; path = RoundButton.swift; sourceTree = "<group>"; };
		8FEEF75A1EB8C91600321208 /* CustomTextField.swift */ = {isa = PBXFileReference; fileEncoding = 4; lastKnownFileType = sourcecode.swift; path = CustomTextField.swift; sourceTree = "<group>"; };
		8FEEF75C1EB8CA9C00321208 /* CustomButton.swift */ = {isa = PBXFileReference; fileEncoding = 4; lastKnownFileType = sourcecode.swift; path = CustomButton.swift; sourceTree = "<group>"; };
		8FEEF7601EBABF5800321208 /* SchoolProject.entitlements */ = {isa = PBXFileReference; lastKnownFileType = text.plist.entitlements; path = SchoolProject.entitlements; sourceTree = "<group>"; };
		8FEEF7611EBC243C00321208 /* AppState.swift */ = {isa = PBXFileReference; fileEncoding = 4; lastKnownFileType = sourcecode.swift; path = AppState.swift; sourceTree = "<group>"; };
		8FEEF7631EBC287100321208 /* CreateAccountViewController.swift */ = {isa = PBXFileReference; fileEncoding = 4; lastKnownFileType = sourcecode.swift; path = CreateAccountViewController.swift; sourceTree = "<group>"; };
		8FEEF7651EBC3C4C00321208 /* ResetPasswordViewController.swift */ = {isa = PBXFileReference; fileEncoding = 4; lastKnownFileType = sourcecode.swift; path = ResetPasswordViewController.swift; sourceTree = "<group>"; };
		8FEEF7671EBD294E00321208 /* UploadPhotoViewController.swift */ = {isa = PBXFileReference; fileEncoding = 4; lastKnownFileType = sourcecode.swift; path = UploadPhotoViewController.swift; sourceTree = "<group>"; };
		8FEEF7691EBD2A9C00321208 /* PhotoTableViewCell.swift */ = {isa = PBXFileReference; fileEncoding = 4; lastKnownFileType = sourcecode.swift; path = PhotoTableViewCell.swift; sourceTree = "<group>"; };
		8FEEF76B1EBD2D0E00321208 /* UploadPhotoView.swift */ = {isa = PBXFileReference; fileEncoding = 4; lastKnownFileType = sourcecode.swift; path = UploadPhotoView.swift; sourceTree = "<group>"; };
		903B3F4B06C9A5B0B06F9A16 /* Pods-SchoolProjectUITests.release.xcconfig */ = {isa = PBXFileReference; includeInIndex = 1; lastKnownFileType = text.xcconfig; name = "Pods-SchoolProjectUITests.release.xcconfig"; path = "Pods/Target Support Files/Pods-SchoolProjectUITests/Pods-SchoolProjectUITests.release.xcconfig"; sourceTree = "<group>"; };
		A593006B3612613BFF765524 /* Pods_SchoolProject.framework */ = {isa = PBXFileReference; explicitFileType = wrapper.framework; includeInIndex = 0; path = Pods_SchoolProject.framework; sourceTree = BUILT_PRODUCTS_DIR; };
		C162F775263BEA510135779B /* Pods-SchoolProjectTests.release.xcconfig */ = {isa = PBXFileReference; includeInIndex = 1; lastKnownFileType = text.xcconfig; name = "Pods-SchoolProjectTests.release.xcconfig"; path = "Pods/Target Support Files/Pods-SchoolProjectTests/Pods-SchoolProjectTests.release.xcconfig"; sourceTree = "<group>"; };
		C21D87D416C59B7C3543A9DE /* Pods-SchoolProject.release.xcconfig */ = {isa = PBXFileReference; includeInIndex = 1; lastKnownFileType = text.xcconfig; name = "Pods-SchoolProject.release.xcconfig"; path = "Pods/Target Support Files/Pods-SchoolProject/Pods-SchoolProject.release.xcconfig"; sourceTree = "<group>"; };
		EF30B7A84726BEC6A8614D69 /* Pods-SchoolProjectTests.debug.xcconfig */ = {isa = PBXFileReference; includeInIndex = 1; lastKnownFileType = text.xcconfig; name = "Pods-SchoolProjectTests.debug.xcconfig"; path = "Pods/Target Support Files/Pods-SchoolProjectTests/Pods-SchoolProjectTests.debug.xcconfig"; sourceTree = "<group>"; };
		F03557B5FBB2C892C50D506A /* Pods-SchoolProject.debug.xcconfig */ = {isa = PBXFileReference; includeInIndex = 1; lastKnownFileType = text.xcconfig; name = "Pods-SchoolProject.debug.xcconfig"; path = "Pods/Target Support Files/Pods-SchoolProject/Pods-SchoolProject.debug.xcconfig"; sourceTree = "<group>"; };
/* End PBXFileReference section */

/* Begin PBXFrameworksBuildPhase section */
		8FEEF7161EB6E2EC00321208 /* Frameworks */ = {
			isa = PBXFrameworksBuildPhase;
			buildActionMask = 2147483647;
			files = (
				DD14DB71C7E2EFD37D84A090 /* Pods_SchoolProject.framework in Frameworks */,
			);
			runOnlyForDeploymentPostprocessing = 0;
		};
		8FEEF72A1EB6E2EC00321208 /* Frameworks */ = {
			isa = PBXFrameworksBuildPhase;
			buildActionMask = 2147483647;
			files = (
				D3D1004C3ADD1C3FD7098740 /* Pods_SchoolProjectTests.framework in Frameworks */,
			);
			runOnlyForDeploymentPostprocessing = 0;
		};
		8FEEF7351EB6E2EC00321208 /* Frameworks */ = {
			isa = PBXFrameworksBuildPhase;
			buildActionMask = 2147483647;
			files = (
				B045AE4CAE71A2384514223D /* Pods_SchoolProjectUITests.framework in Frameworks */,
			);
			runOnlyForDeploymentPostprocessing = 0;
		};
/* End PBXFrameworksBuildPhase section */

/* Begin PBXGroup section */
		8F0FDAAD1ED74040008A2B18 /* Model */ = {
			isa = PBXGroup;
			children = (
				8F0FDAAE1ED74056008A2B18 /* Post.swift */,
			);
			name = Model;
			sourceTree = "<group>";
		};
		8F6ABEB41ECE7801001C92B9 /* Services */ = {
			isa = PBXGroup;
			children = (
				8F6ABEB51ECE781F001C92B9 /* DataServices.swift */,
			);
			name = Services;
			sourceTree = "<group>";
		};
		8F7475D91ECA1240003152D2 /* Network */ = {
			isa = PBXGroup;
			children = (
				8F7475DC1ECA1B49003152D2 /* FireBaseLogin.swift */,
			);
			name = Network;
			sourceTree = "<group>";
		};
		8FEEF7101EB6E2EC00321208 = {
			isa = PBXGroup;
			children = (
				8FEEF71B1EB6E2EC00321208 /* SchoolProject */,
				8FEEF7301EB6E2EC00321208 /* SchoolProjectTests */,
				8FEEF73B1EB6E2EC00321208 /* SchoolProjectUITests */,
				8FEEF71A1EB6E2EC00321208 /* Products */,
				B241D2A5D59BB096083BEA0B /* Pods */,
				C59350C6267474EC7E9D195E /* Frameworks */,
			);
			sourceTree = "<group>";
		};
		8FEEF71A1EB6E2EC00321208 /* Products */ = {
			isa = PBXGroup;
			children = (
				8FEEF7191EB6E2EC00321208 /* SchoolProject.app */,
				8FEEF72D1EB6E2EC00321208 /* SchoolProjectTests.xctest */,
				8FEEF7381EB6E2EC00321208 /* SchoolProjectUITests.xctest */,
			);
			name = Products;
			sourceTree = "<group>";
		};
		8FEEF71B1EB6E2EC00321208 /* SchoolProject */ = {
			isa = PBXGroup;
			children = (
				8F0FDAAD1ED74040008A2B18 /* Model */,
				8F6ABEB41ECE7801001C92B9 /* Services */,
				8F7475D91ECA1240003152D2 /* Network */,
				8FEEF7601EBABF5800321208 /* SchoolProject.entitlements */,
				8FEEF7531EB8C48B00321208 /* Util */,
				8FEEF74E1EB6EA0100321208 /* Controller */,
				8FEEF74D1EB6E9F800321208 /* View */,
				8FEEF74C1EB6E9EE00321208 /* Model */,
				8FEEF71C1EB6E2EC00321208 /* AppDelegate.swift */,
				8FEEF7201EB6E2EC00321208 /* Main.storyboard */,
				8FEEF7231EB6E2EC00321208 /* Assets.xcassets */,
				8FEEF7251EB6E2EC00321208 /* LaunchScreen.storyboard */,
				8FEEF7281EB6E2EC00321208 /* Info.plist */,
				8FEEF74A1EB6E70A00321208 /* GoogleService-Info.plist */,
			);
			path = SchoolProject;
			sourceTree = "<group>";
		};
		8FEEF7301EB6E2EC00321208 /* SchoolProjectTests */ = {
			isa = PBXGroup;
			children = (
				8FEEF7311EB6E2EC00321208 /* SchoolProjectTests.swift */,
				8FEEF7331EB6E2EC00321208 /* Info.plist */,
			);
			path = SchoolProjectTests;
			sourceTree = "<group>";
		};
		8FEEF73B1EB6E2EC00321208 /* SchoolProjectUITests */ = {
			isa = PBXGroup;
			children = (
				8FEEF73C1EB6E2EC00321208 /* SchoolProjectUITests.swift */,
				8FEEF73E1EB6E2EC00321208 /* Info.plist */,
			);
			path = SchoolProjectUITests;
			sourceTree = "<group>";
		};
		8FEEF74C1EB6E9EE00321208 /* Model */ = {
			isa = PBXGroup;
			children = (
			);
			name = Model;
			sourceTree = "<group>";
		};
		8FEEF74D1EB6E9F800321208 /* View */ = {
			isa = PBXGroup;
			children = (
				8FEEF74F1EB8C35C00321208 /* ShadowView.swift */,
				8FEEF7581EB8C77900321208 /* RoundButton.swift */,
				8FEEF75A1EB8C91600321208 /* CustomTextField.swift */,
				8FEEF75C1EB8CA9C00321208 /* CustomButton.swift */,
				8FEEF7691EBD2A9C00321208 /* PhotoTableViewCell.swift */,
				8FEEF76B1EBD2D0E00321208 /* UploadPhotoView.swift */,
				8F166F4D1EE6BB0F0081401E /* SideMenuTableViewCell.swift */,
			);
			name = View;
			sourceTree = "<group>";
		};
		8FEEF74E1EB6EA0100321208 /* Controller */ = {
			isa = PBXGroup;
			children = (
				8FEEF71E1EB6E2EC00321208 /* SignInVC.swift */,
				8FEEF7631EBC287100321208 /* CreateAccountViewController.swift */,
				8FEEF7651EBC3C4C00321208 /* ResetPasswordViewController.swift */,
				8FEEF7671EBD294E00321208 /* UploadPhotoViewController.swift */,
				8F166F4B1EE6B7D20081401E /* SideMenuViewController.swift */,
				8F166F4F1EE6C73D0081401E /* ProfilePictureViewController.swift */,
			);
			name = Controller;
			sourceTree = "<group>";
		};
		8FEEF7531EB8C48B00321208 /* Util */ = {
			isa = PBXGroup;
			children = (
				8FEEF7541EB8C4A400321208 /* Constatnts.swift */,
				8FEEF7611EBC243C00321208 /* AppState.swift */,
			);
			name = Util;
			sourceTree = "<group>";
		};
		B241D2A5D59BB096083BEA0B /* Pods */ = {
			isa = PBXGroup;
			children = (
				F03557B5FBB2C892C50D506A /* Pods-SchoolProject.debug.xcconfig */,
				C21D87D416C59B7C3543A9DE /* Pods-SchoolProject.release.xcconfig */,
				EF30B7A84726BEC6A8614D69 /* Pods-SchoolProjectTests.debug.xcconfig */,
				C162F775263BEA510135779B /* Pods-SchoolProjectTests.release.xcconfig */,
				54D50052F40F1BE891EDA107 /* Pods-SchoolProjectUITests.debug.xcconfig */,
				903B3F4B06C9A5B0B06F9A16 /* Pods-SchoolProjectUITests.release.xcconfig */,
			);
			name = Pods;
			sourceTree = "<group>";
		};
		C59350C6267474EC7E9D195E /* Frameworks */ = {
			isa = PBXGroup;
			children = (
				A593006B3612613BFF765524 /* Pods_SchoolProject.framework */,
				2F0BA94F0754B4E5A8033D8D /* Pods_SchoolProjectTests.framework */,
				0A770B21620DD63CD3E077FE /* Pods_SchoolProjectUITests.framework */,
			);
			name = Frameworks;
			sourceTree = "<group>";
		};
/* End PBXGroup section */

/* Begin PBXNativeTarget section */
		8FEEF7181EB6E2EC00321208 /* SchoolProject */ = {
			isa = PBXNativeTarget;
			buildConfigurationList = 8FEEF7411EB6E2EC00321208 /* Build configuration list for PBXNativeTarget "SchoolProject" */;
			buildPhases = (
				263AFB1982B93CF7026B530C /* [CP] Check Pods Manifest.lock */,
				8FEEF7151EB6E2EC00321208 /* Sources */,
				8FEEF7161EB6E2EC00321208 /* Frameworks */,
				8FEEF7171EB6E2EC00321208 /* Resources */,
				EC737ED5BA68DD4E96D44F80 /* [CP] Embed Pods Frameworks */,
				6B9977C4683B1B5C49C9ABF3 /* [CP] Copy Pods Resources */,
			);
			buildRules = (
			);
			dependencies = (
			);
			name = SchoolProject;
			productName = SchoolProject;
			productReference = 8FEEF7191EB6E2EC00321208 /* SchoolProject.app */;
			productType = "com.apple.product-type.application";
		};
		8FEEF72C1EB6E2EC00321208 /* SchoolProjectTests */ = {
			isa = PBXNativeTarget;
			buildConfigurationList = 8FEEF7441EB6E2EC00321208 /* Build configuration list for PBXNativeTarget "SchoolProjectTests" */;
			buildPhases = (
				39AC736C53E816109F953F08 /* [CP] Check Pods Manifest.lock */,
				8FEEF7291EB6E2EC00321208 /* Sources */,
				8FEEF72A1EB6E2EC00321208 /* Frameworks */,
				8FEEF72B1EB6E2EC00321208 /* Resources */,
				CA743B3A468666FBCD6B24C3 /* [CP] Embed Pods Frameworks */,
				4CF48117FABB7910A9935818 /* [CP] Copy Pods Resources */,
			);
			buildRules = (
			);
			dependencies = (
				8FEEF72F1EB6E2EC00321208 /* PBXTargetDependency */,
			);
			name = SchoolProjectTests;
			productName = SchoolProjectTests;
			productReference = 8FEEF72D1EB6E2EC00321208 /* SchoolProjectTests.xctest */;
			productType = "com.apple.product-type.bundle.unit-test";
		};
		8FEEF7371EB6E2EC00321208 /* SchoolProjectUITests */ = {
			isa = PBXNativeTarget;
			buildConfigurationList = 8FEEF7471EB6E2EC00321208 /* Build configuration list for PBXNativeTarget "SchoolProjectUITests" */;
			buildPhases = (
				2C8FB4FFFFE99968EBBB2D25 /* [CP] Check Pods Manifest.lock */,
				8FEEF7341EB6E2EC00321208 /* Sources */,
				8FEEF7351EB6E2EC00321208 /* Frameworks */,
				8FEEF7361EB6E2EC00321208 /* Resources */,
				58B121FC0B4777AB903D28BB /* [CP] Embed Pods Frameworks */,
				86508CE340532CDF5271A44A /* [CP] Copy Pods Resources */,
			);
			buildRules = (
			);
			dependencies = (
				8FEEF73A1EB6E2EC00321208 /* PBXTargetDependency */,
			);
			name = SchoolProjectUITests;
			productName = SchoolProjectUITests;
			productReference = 8FEEF7381EB6E2EC00321208 /* SchoolProjectUITests.xctest */;
			productType = "com.apple.product-type.bundle.ui-testing";
		};
/* End PBXNativeTarget section */

/* Begin PBXProject section */
		8FEEF7111EB6E2EC00321208 /* Project object */ = {
			isa = PBXProject;
			attributes = {
				LastSwiftUpdateCheck = 0820;
				LastUpgradeCheck = 0820;
				ORGANIZATIONNAME = "Fnu, Rohit";
				TargetAttributes = {
					8FEEF7181EB6E2EC00321208 = {
						CreatedOnToolsVersion = 8.2.1;
						DevelopmentTeam = Y3HQTHU3DE;
						ProvisioningStyle = Automatic;
						SystemCapabilities = {
							com.apple.Keychain = {
								enabled = 0;
							};
						};
					};
					8FEEF72C1EB6E2EC00321208 = {
						CreatedOnToolsVersion = 8.2.1;
						DevelopmentTeam = Y3HQTHU3DE;
						ProvisioningStyle = Automatic;
						TestTargetID = 8FEEF7181EB6E2EC00321208;
					};
					8FEEF7371EB6E2EC00321208 = {
						CreatedOnToolsVersion = 8.2.1;
						DevelopmentTeam = Y3HQTHU3DE;
						ProvisioningStyle = Automatic;
						TestTargetID = 8FEEF7181EB6E2EC00321208;
					};
				};
			};
			buildConfigurationList = 8FEEF7141EB6E2EC00321208 /* Build configuration list for PBXProject "SchoolProject" */;
			compatibilityVersion = "Xcode 3.2";
			developmentRegion = English;
			hasScannedForEncodings = 0;
			knownRegions = (
				en,
				Base,
			);
			mainGroup = 8FEEF7101EB6E2EC00321208;
			productRefGroup = 8FEEF71A1EB6E2EC00321208 /* Products */;
			projectDirPath = "";
			projectRoot = "";
			targets = (
				8FEEF7181EB6E2EC00321208 /* SchoolProject */,
				8FEEF72C1EB6E2EC00321208 /* SchoolProjectTests */,
				8FEEF7371EB6E2EC00321208 /* SchoolProjectUITests */,
			);
		};
/* End PBXProject section */

/* Begin PBXResourcesBuildPhase section */
		8FEEF7171EB6E2EC00321208 /* Resources */ = {
			isa = PBXResourcesBuildPhase;
			buildActionMask = 2147483647;
			files = (
				8FEEF7271EB6E2EC00321208 /* LaunchScreen.storyboard in Resources */,
				8FEEF7241EB6E2EC00321208 /* Assets.xcassets in Resources */,
				8FEEF74B1EB6E70A00321208 /* GoogleService-Info.plist in Resources */,
				8FEEF7221EB6E2EC00321208 /* Main.storyboard in Resources */,
			);
			runOnlyForDeploymentPostprocessing = 0;
		};
		8FEEF72B1EB6E2EC00321208 /* Resources */ = {
			isa = PBXResourcesBuildPhase;
			buildActionMask = 2147483647;
			files = (
			);
			runOnlyForDeploymentPostprocessing = 0;
		};
		8FEEF7361EB6E2EC00321208 /* Resources */ = {
			isa = PBXResourcesBuildPhase;
			buildActionMask = 2147483647;
			files = (
			);
			runOnlyForDeploymentPostprocessing = 0;
		};
/* End PBXResourcesBuildPhase section */

/* Begin PBXShellScriptBuildPhase section */
		263AFB1982B93CF7026B530C /* [CP] Check Pods Manifest.lock */ = {
			isa = PBXShellScriptBuildPhase;
			buildActionMask = 2147483647;
			files = (
			);
			inputPaths = (
			);
			name = "[CP] Check Pods Manifest.lock";
			outputPaths = (
			);
			runOnlyForDeploymentPostprocessing = 0;
			shellPath = /bin/sh;
			shellScript = "diff \"${PODS_ROOT}/../Podfile.lock\" \"${PODS_ROOT}/Manifest.lock\" > /dev/null\nif [ $? != 0 ] ; then\n    # print error to STDERR\n    echo \"error: The sandbox is not in sync with the Podfile.lock. Run 'pod install' or update your CocoaPods installation.\" >&2\n    exit 1\nfi\n";
			showEnvVarsInLog = 0;
		};
		2C8FB4FFFFE99968EBBB2D25 /* [CP] Check Pods Manifest.lock */ = {
			isa = PBXShellScriptBuildPhase;
			buildActionMask = 2147483647;
			files = (
			);
			inputPaths = (
			);
			name = "[CP] Check Pods Manifest.lock";
			outputPaths = (
			);
			runOnlyForDeploymentPostprocessing = 0;
			shellPath = /bin/sh;
			shellScript = "diff \"${PODS_ROOT}/../Podfile.lock\" \"${PODS_ROOT}/Manifest.lock\" > /dev/null\nif [ $? != 0 ] ; then\n    # print error to STDERR\n    echo \"error: The sandbox is not in sync with the Podfile.lock. Run 'pod install' or update your CocoaPods installation.\" >&2\n    exit 1\nfi\n";
			showEnvVarsInLog = 0;
		};
		39AC736C53E816109F953F08 /* [CP] Check Pods Manifest.lock */ = {
			isa = PBXShellScriptBuildPhase;
			buildActionMask = 2147483647;
			files = (
			);
			inputPaths = (
			);
			name = "[CP] Check Pods Manifest.lock";
			outputPaths = (
			);
			runOnlyForDeploymentPostprocessing = 0;
			shellPath = /bin/sh;
			shellScript = "diff \"${PODS_ROOT}/../Podfile.lock\" \"${PODS_ROOT}/Manifest.lock\" > /dev/null\nif [ $? != 0 ] ; then\n    # print error to STDERR\n    echo \"error: The sandbox is not in sync with the Podfile.lock. Run 'pod install' or update your CocoaPods installation.\" >&2\n    exit 1\nfi\n";
			showEnvVarsInLog = 0;
		};
		4CF48117FABB7910A9935818 /* [CP] Copy Pods Resources */ = {
			isa = PBXShellScriptBuildPhase;
			buildActionMask = 2147483647;
			files = (
			);
			inputPaths = (
			);
			name = "[CP] Copy Pods Resources";
			outputPaths = (
			);
			runOnlyForDeploymentPostprocessing = 0;
			shellPath = /bin/sh;
			shellScript = "\"${SRCROOT}/Pods/Target Support Files/Pods-SchoolProjectTests/Pods-SchoolProjectTests-resources.sh\"\n";
			showEnvVarsInLog = 0;
		};
		58B121FC0B4777AB903D28BB /* [CP] Embed Pods Frameworks */ = {
			isa = PBXShellScriptBuildPhase;
			buildActionMask = 2147483647;
			files = (
			);
			inputPaths = (
			);
			name = "[CP] Embed Pods Frameworks";
			outputPaths = (
			);
			runOnlyForDeploymentPostprocessing = 0;
			shellPath = /bin/sh;
			shellScript = "\"${SRCROOT}/Pods/Target Support Files/Pods-SchoolProjectUITests/Pods-SchoolProjectUITests-frameworks.sh\"\n";
			showEnvVarsInLog = 0;
		};
		6B9977C4683B1B5C49C9ABF3 /* [CP] Copy Pods Resources */ = {
			isa = PBXShellScriptBuildPhase;
			buildActionMask = 2147483647;
			files = (
			);
			inputPaths = (
			);
			name = "[CP] Copy Pods Resources";
			outputPaths = (
			);
			runOnlyForDeploymentPostprocessing = 0;
			shellPath = /bin/sh;
			shellScript = "\"${SRCROOT}/Pods/Target Support Files/Pods-SchoolProject/Pods-SchoolProject-resources.sh\"\n";
			showEnvVarsInLog = 0;
		};
		86508CE340532CDF5271A44A /* [CP] Copy Pods Resources */ = {
			isa = PBXShellScriptBuildPhase;
			buildActionMask = 2147483647;
			files = (
			);
			inputPaths = (
			);
			name = "[CP] Copy Pods Resources";
			outputPaths = (
			);
			runOnlyForDeploymentPostprocessing = 0;
			shellPath = /bin/sh;
			shellScript = "\"${SRCROOT}/Pods/Target Support Files/Pods-SchoolProjectUITests/Pods-SchoolProjectUITests-resources.sh\"\n";
			showEnvVarsInLog = 0;
		};
		CA743B3A468666FBCD6B24C3 /* [CP] Embed Pods Frameworks */ = {
			isa = PBXShellScriptBuildPhase;
			buildActionMask = 2147483647;
			files = (
			);
			inputPaths = (
			);
			name = "[CP] Embed Pods Frameworks";
			outputPaths = (
			);
			runOnlyForDeploymentPostprocessing = 0;
			shellPath = /bin/sh;
			shellScript = "\"${SRCROOT}/Pods/Target Support Files/Pods-SchoolProjectTests/Pods-SchoolProjectTests-frameworks.sh\"\n";
			showEnvVarsInLog = 0;
		};
		EC737ED5BA68DD4E96D44F80 /* [CP] Embed Pods Frameworks */ = {
			isa = PBXShellScriptBuildPhase;
			buildActionMask = 2147483647;
			files = (
			);
			inputPaths = (
			);
			name = "[CP] Embed Pods Frameworks";
			outputPaths = (
			);
			runOnlyForDeploymentPostprocessing = 0;
			shellPath = /bin/sh;
			shellScript = "\"${SRCROOT}/Pods/Target Support Files/Pods-SchoolProject/Pods-SchoolProject-frameworks.sh\"\n";
			showEnvVarsInLog = 0;
		};
/* End PBXShellScriptBuildPhase section */

/* Begin PBXSourcesBuildPhase section */
		8FEEF7151EB6E2EC00321208 /* Sources */ = {
			isa = PBXSourcesBuildPhase;
			buildActionMask = 2147483647;
			files = (
				8F6ABEB61ECE781F001C92B9 /* DataServices.swift in Sources */,
				8F166F501EE6C73D0081401E /* ProfilePictureViewController.swift in Sources */,
				8FEEF7551EB8C4A400321208 /* Constatnts.swift in Sources */,
				8FEEF7591EB8C77900321208 /* RoundButton.swift in Sources */,
				8FEEF76C1EBD2D0E00321208 /* UploadPhotoView.swift in Sources */,
				8FEEF75B1EB8C91600321208 /* CustomTextField.swift in Sources */,
				8F7475DD1ECA1B49003152D2 /* FireBaseLogin.swift in Sources */,
				8FEEF7681EBD294E00321208 /* UploadPhotoViewController.swift in Sources */,
				8FEEF7621EBC243C00321208 /* AppState.swift in Sources */,
				8FEEF7501EB8C35C00321208 /* ShadowView.swift in Sources */,
				8FEEF75D1EB8CA9C00321208 /* CustomButton.swift in Sources */,
				8F166F4C1EE6B7D20081401E /* SideMenuViewController.swift in Sources */,
				8FEEF7641EBC287100321208 /* CreateAccountViewController.swift in Sources */,
				8F0FDAAF1ED74056008A2B18 /* Post.swift in Sources */,
				8FEEF76A1EBD2A9C00321208 /* PhotoTableViewCell.swift in Sources */,
				8FEEF7661EBC3C4C00321208 /* ResetPasswordViewController.swift in Sources */,
				8F166F4E1EE6BB0F0081401E /* SideMenuTableViewCell.swift in Sources */,
				8FEEF71F1EB6E2EC00321208 /* SignInVC.swift in Sources */,
				8FEEF71D1EB6E2EC00321208 /* AppDelegate.swift in Sources */,
			);
			runOnlyForDeploymentPostprocessing = 0;
		};
		8FEEF7291EB6E2EC00321208 /* Sources */ = {
			isa = PBXSourcesBuildPhase;
			buildActionMask = 2147483647;
			files = (
				8FEEF7321EB6E2EC00321208 /* SchoolProjectTests.swift in Sources */,
			);
			runOnlyForDeploymentPostprocessing = 0;
		};
		8FEEF7341EB6E2EC00321208 /* Sources */ = {
			isa = PBXSourcesBuildPhase;
			buildActionMask = 2147483647;
			files = (
				8FEEF73D1EB6E2EC00321208 /* SchoolProjectUITests.swift in Sources */,
			);
			runOnlyForDeploymentPostprocessing = 0;
		};
/* End PBXSourcesBuildPhase section */

/* Begin PBXTargetDependency section */
		8FEEF72F1EB6E2EC00321208 /* PBXTargetDependency */ = {
			isa = PBXTargetDependency;
			target = 8FEEF7181EB6E2EC00321208 /* SchoolProject */;
			targetProxy = 8FEEF72E1EB6E2EC00321208 /* PBXContainerItemProxy */;
		};
		8FEEF73A1EB6E2EC00321208 /* PBXTargetDependency */ = {
			isa = PBXTargetDependency;
			target = 8FEEF7181EB6E2EC00321208 /* SchoolProject */;
			targetProxy = 8FEEF7391EB6E2EC00321208 /* PBXContainerItemProxy */;
		};
/* End PBXTargetDependency section */

/* Begin PBXVariantGroup section */
		8FEEF7201EB6E2EC00321208 /* Main.storyboard */ = {
			isa = PBXVariantGroup;
			children = (
				8FEEF7211EB6E2EC00321208 /* Base */,
			);
			name = Main.storyboard;
			sourceTree = "<group>";
		};
		8FEEF7251EB6E2EC00321208 /* LaunchScreen.storyboard */ = {
			isa = PBXVariantGroup;
			children = (
				8FEEF7261EB6E2EC00321208 /* Base */,
			);
			name = LaunchScreen.storyboard;
			sourceTree = "<group>";
		};
/* End PBXVariantGroup section */

/* Begin XCBuildConfiguration section */
		8FEEF73F1EB6E2EC00321208 /* Debug */ = {
			isa = XCBuildConfiguration;
			buildSettings = {
				ALWAYS_SEARCH_USER_PATHS = NO;
				CLANG_ANALYZER_NONNULL = YES;
				CLANG_CXX_LANGUAGE_STANDARD = "gnu++0x";
				CLANG_CXX_LIBRARY = "libc++";
				CLANG_ENABLE_MODULES = YES;
				CLANG_ENABLE_OBJC_ARC = YES;
				CLANG_WARN_BOOL_CONVERSION = YES;
				CLANG_WARN_CONSTANT_CONVERSION = YES;
				CLANG_WARN_DIRECT_OBJC_ISA_USAGE = YES_ERROR;
				CLANG_WARN_DOCUMENTATION_COMMENTS = YES;
				CLANG_WARN_EMPTY_BODY = YES;
				CLANG_WARN_ENUM_CONVERSION = YES;
				CLANG_WARN_INFINITE_RECURSION = YES;
				CLANG_WARN_INT_CONVERSION = YES;
				CLANG_WARN_OBJC_ROOT_CLASS = YES_ERROR;
				CLANG_WARN_SUSPICIOUS_MOVE = YES;
				CLANG_WARN_UNREACHABLE_CODE = YES;
				CLANG_WARN__DUPLICATE_METHOD_MATCH = YES;
				"CODE_SIGN_IDENTITY[sdk=iphoneos*]" = "iPhone Developer";
				COPY_PHASE_STRIP = NO;
				DEBUG_INFORMATION_FORMAT = dwarf;
				ENABLE_STRICT_OBJC_MSGSEND = YES;
				ENABLE_TESTABILITY = YES;
				GCC_C_LANGUAGE_STANDARD = gnu99;
				GCC_DYNAMIC_NO_PIC = NO;
				GCC_NO_COMMON_BLOCKS = YES;
				GCC_OPTIMIZATION_LEVEL = 0;
				GCC_PREPROCESSOR_DEFINITIONS = (
					"DEBUG=1",
					"$(inherited)",
				);
				GCC_WARN_64_TO_32_BIT_CONVERSION = YES;
				GCC_WARN_ABOUT_RETURN_TYPE = YES_ERROR;
				GCC_WARN_UNDECLARED_SELECTOR = YES;
				GCC_WARN_UNINITIALIZED_AUTOS = YES_AGGRESSIVE;
				GCC_WARN_UNUSED_FUNCTION = YES;
				GCC_WARN_UNUSED_VARIABLE = YES;
				IPHONEOS_DEPLOYMENT_TARGET = 10.2;
				MTL_ENABLE_DEBUG_INFO = YES;
				ONLY_ACTIVE_ARCH = YES;
				SDKROOT = iphoneos;
				SWIFT_ACTIVE_COMPILATION_CONDITIONS = DEBUG;
				SWIFT_OPTIMIZATION_LEVEL = "-Onone";
				TARGETED_DEVICE_FAMILY = 2;
			};
			name = Debug;
		};
		8FEEF7401EB6E2EC00321208 /* Release */ = {
			isa = XCBuildConfiguration;
			buildSettings = {
				ALWAYS_SEARCH_USER_PATHS = NO;
				CLANG_ANALYZER_NONNULL = YES;
				CLANG_CXX_LANGUAGE_STANDARD = "gnu++0x";
				CLANG_CXX_LIBRARY = "libc++";
				CLANG_ENABLE_MODULES = YES;
				CLANG_ENABLE_OBJC_ARC = YES;
				CLANG_WARN_BOOL_CONVERSION = YES;
				CLANG_WARN_CONSTANT_CONVERSION = YES;
				CLANG_WARN_DIRECT_OBJC_ISA_USAGE = YES_ERROR;
				CLANG_WARN_DOCUMENTATION_COMMENTS = YES;
				CLANG_WARN_EMPTY_BODY = YES;
				CLANG_WARN_ENUM_CONVERSION = YES;
				CLANG_WARN_INFINITE_RECURSION = YES;
				CLANG_WARN_INT_CONVERSION = YES;
				CLANG_WARN_OBJC_ROOT_CLASS = YES_ERROR;
				CLANG_WARN_SUSPICIOUS_MOVE = YES;
				CLANG_WARN_UNREACHABLE_CODE = YES;
				CLANG_WARN__DUPLICATE_METHOD_MATCH = YES;
				"CODE_SIGN_IDENTITY[sdk=iphoneos*]" = "iPhone Developer";
				COPY_PHASE_STRIP = NO;
				DEBUG_INFORMATION_FORMAT = "dwarf-with-dsym";
				ENABLE_NS_ASSERTIONS = NO;
				ENABLE_STRICT_OBJC_MSGSEND = YES;
				GCC_C_LANGUAGE_STANDARD = gnu99;
				GCC_NO_COMMON_BLOCKS = YES;
				GCC_WARN_64_TO_32_BIT_CONVERSION = YES;
				GCC_WARN_ABOUT_RETURN_TYPE = YES_ERROR;
				GCC_WARN_UNDECLARED_SELECTOR = YES;
				GCC_WARN_UNINITIALIZED_AUTOS = YES_AGGRESSIVE;
				GCC_WARN_UNUSED_FUNCTION = YES;
				GCC_WARN_UNUSED_VARIABLE = YES;
				IPHONEOS_DEPLOYMENT_TARGET = 10.2;
				MTL_ENABLE_DEBUG_INFO = NO;
				SDKROOT = iphoneos;
				SWIFT_OPTIMIZATION_LEVEL = "-Owholemodule";
				TARGETED_DEVICE_FAMILY = 2;
				VALIDATE_PRODUCT = YES;
			};
			name = Release;
		};
		8FEEF7421EB6E2EC00321208 /* Debug */ = {
			isa = XCBuildConfiguration;
			baseConfigurationReference = F03557B5FBB2C892C50D506A /* Pods-SchoolProject.debug.xcconfig */;
			buildSettings = {
				ASSETCATALOG_COMPILER_APPICON_NAME = AppIcon;
				DEVELOPMENT_TEAM = Y3HQTHU3DE;
				INFOPLIST_FILE = SchoolProject/Info.plist;
				IPHONEOS_DEPLOYMENT_TARGET = 9.0;
				LD_RUNPATH_SEARCH_PATHS = "$(inherited) @executable_path/Frameworks";
				PRODUCT_BUNDLE_IDENTIFIER = rohit.SchoolProject;
				PRODUCT_NAME = "$(TARGET_NAME)";
				SWIFT_VERSION = 3.0;
				TARGETED_DEVICE_FAMILY = 1;
			};
			name = Debug;
		};
		8FEEF7431EB6E2EC00321208 /* Release */ = {
			isa = XCBuildConfiguration;
			baseConfigurationReference = C21D87D416C59B7C3543A9DE /* Pods-SchoolProject.release.xcconfig */;
			buildSettings = {
				ASSETCATALOG_COMPILER_APPICON_NAME = AppIcon;
				DEVELOPMENT_TEAM = Y3HQTHU3DE;
				INFOPLIST_FILE = SchoolProject/Info.plist;
				IPHONEOS_DEPLOYMENT_TARGET = 9.0;
				LD_RUNPATH_SEARCH_PATHS = "$(inherited) @executable_path/Frameworks";
				PRODUCT_BUNDLE_IDENTIFIER = rohit.SchoolProject;
				PRODUCT_NAME = "$(TARGET_NAME)";
				SWIFT_VERSION = 3.0;
				TARGETED_DEVICE_FAMILY = 1;
			};
			name = Release;
		};
		8FEEF7451EB6E2EC00321208 /* Debug */ = {
			isa = XCBuildConfiguration;
			baseConfigurationReference = EF30B7A84726BEC6A8614D69 /* Pods-SchoolProjectTests.debug.xcconfig */;
			buildSettings = {
				ALWAYS_EMBED_SWIFT_STANDARD_LIBRARIES = YES;
				BUNDLE_LOADER = "$(TEST_HOST)";
				DEVELOPMENT_TEAM = Y3HQTHU3DE;
				INFOPLIST_FILE = SchoolProjectTests/Info.plist;
				LD_RUNPATH_SEARCH_PATHS = "$(inherited) @executable_path/Frameworks @loader_path/Frameworks";
				PRODUCT_BUNDLE_IDENTIFIER = rohit.SchoolProjectTests;
				PRODUCT_NAME = "$(TARGET_NAME)";
				SWIFT_VERSION = 3.0;
				TEST_HOST = "$(BUILT_PRODUCTS_DIR)/SchoolProject.app/SchoolProject";
			};
			name = Debug;
		};
		8FEEF7461EB6E2EC00321208 /* Release */ = {
			isa = XCBuildConfiguration;
			baseConfigurationReference = C162F775263BEA510135779B /* Pods-SchoolProjectTests.release.xcconfig */;
			buildSettings = {
				ALWAYS_EMBED_SWIFT_STANDARD_LIBRARIES = YES;
				BUNDLE_LOADER = "$(TEST_HOST)";
				DEVELOPMENT_TEAM = Y3HQTHU3DE;
				INFOPLIST_FILE = SchoolProjectTests/Info.plist;
				LD_RUNPATH_SEARCH_PATHS = "$(inherited) @executable_path/Frameworks @loader_path/Frameworks";
				PRODUCT_BUNDLE_IDENTIFIER = rohit.SchoolProjectTests;
				PRODUCT_NAME = "$(TARGET_NAME)";
				SWIFT_VERSION = 3.0;
				TEST_HOST = "$(BUILT_PRODUCTS_DIR)/SchoolProject.app/SchoolProject";
			};
			name = Release;
		};
		8FEEF7481EB6E2EC00321208 /* Debug */ = {
			isa = XCBuildConfiguration;
			baseConfigurationReference = 54D50052F40F1BE891EDA107 /* Pods-SchoolProjectUITests.debug.xcconfig */;
			buildSettings = {
				ALWAYS_EMBED_SWIFT_STANDARD_LIBRARIES = YES;
				DEVELOPMENT_TEAM = Y3HQTHU3DE;
				INFOPLIST_FILE = SchoolProjectUITests/Info.plist;
				LD_RUNPATH_SEARCH_PATHS = "$(inherited) @executable_path/Frameworks @loader_path/Frameworks";
				PRODUCT_BUNDLE_IDENTIFIER = rohit.SchoolProjectUITests;
				PRODUCT_NAME = "$(TARGET_NAME)";
				SWIFT_VERSION = 3.0;
				TEST_TARGET_NAME = SchoolProject;
			};
			name = Debug;
		};
		8FEEF7491EB6E2EC00321208 /* Release */ = {
			isa = XCBuildConfiguration;
			baseConfigurationReference = 903B3F4B06C9A5B0B06F9A16 /* Pods-SchoolProjectUITests.release.xcconfig */;
			buildSettings = {
				ALWAYS_EMBED_SWIFT_STANDARD_LIBRARIES = YES;
				DEVELOPMENT_TEAM = Y3HQTHU3DE;
				INFOPLIST_FILE = SchoolProjectUITests/Info.plist;
				LD_RUNPATH_SEARCH_PATHS = "$(inherited) @executable_path/Frameworks @loader_path/Frameworks";
				PRODUCT_BUNDLE_IDENTIFIER = rohit.SchoolProjectUITests;
				PRODUCT_NAME = "$(TARGET_NAME)";
				SWIFT_VERSION = 3.0;
				TEST_TARGET_NAME = SchoolProject;
			};
			name = Release;
		};
/* End XCBuildConfiguration section */

/* Begin XCConfigurationList section */
		8FEEF7141EB6E2EC00321208 /* Build configuration list for PBXProject "SchoolProject" */ = {
			isa = XCConfigurationList;
			buildConfigurations = (
				8FEEF73F1EB6E2EC00321208 /* Debug */,
				8FEEF7401EB6E2EC00321208 /* Release */,
			);
			defaultConfigurationIsVisible = 0;
			defaultConfigurationName = Release;
		};
		8FEEF7411EB6E2EC00321208 /* Build configuration list for PBXNativeTarget "SchoolProject" */ = {
			isa = XCConfigurationList;
			buildConfigurations = (
				8FEEF7421EB6E2EC00321208 /* Debug */,
				8FEEF7431EB6E2EC00321208 /* Release */,
			);
			defaultConfigurationIsVisible = 0;
			defaultConfigurationName = Release;
		};
		8FEEF7441EB6E2EC00321208 /* Build configuration list for PBXNativeTarget "SchoolProjectTests" */ = {
			isa = XCConfigurationList;
			buildConfigurations = (
				8FEEF7451EB6E2EC00321208 /* Debug */,
				8FEEF7461EB6E2EC00321208 /* Release */,
			);
			defaultConfigurationIsVisible = 0;
			defaultConfigurationName = Release;
		};
		8FEEF7471EB6E2EC00321208 /* Build configuration list for PBXNativeTarget "SchoolProjectUITests" */ = {
			isa = XCConfigurationList;
			buildConfigurations = (
				8FEEF7481EB6E2EC00321208 /* Debug */,
				8FEEF7491EB6E2EC00321208 /* Release */,
			);
			defaultConfigurationIsVisible = 0;
			defaultConfigurationName = Release;
		};
/* End XCConfigurationList section */
	};
	rootObject = 8FEEF7111EB6E2EC00321208 /* Project object */;
}
